// !$*UTF8*$!
{
	archiveVersion = 1;
	classes = {
	};
	objectVersion = 46;
	objects = {

/* Begin PBXBuildFile section */
		23AA6AB01974574400556D54 /* Foundation.framework in Frameworks */ = {isa = PBXBuildFile; fileRef = 23AA6AAF1974574400556D54 /* Foundation.framework */; };
		23AA6AB21974574400556D54 /* CoreGraphics.framework in Frameworks */ = {isa = PBXBuildFile; fileRef = 23AA6AB11974574400556D54 /* CoreGraphics.framework */; };
		23AA6AB41974574400556D54 /* UIKit.framework in Frameworks */ = {isa = PBXBuildFile; fileRef = 23AA6AB31974574400556D54 /* UIKit.framework */; };
		23AA6ABA1974574400556D54 /* InfoPlist.strings in Resources */ = {isa = PBXBuildFile; fileRef = 23AA6AB81974574400556D54 /* InfoPlist.strings */; };
		23AA6ABC1974574400556D54 /* main.m in Sources */ = {isa = PBXBuildFile; fileRef = 23AA6ABB1974574400556D54 /* main.m */; };
		23AA6AC01974574400556D54 /* AppDelegate.m in Sources */ = {isa = PBXBuildFile; fileRef = 23AA6ABF1974574400556D54 /* AppDelegate.m */; };
		23AA6AC21974574400556D54 /* Images.xcassets in Resources */ = {isa = PBXBuildFile; fileRef = 23AA6AC11974574400556D54 /* Images.xcassets */; };
		23AA6AC91974574400556D54 /* XCTest.framework in Frameworks */ = {isa = PBXBuildFile; fileRef = 23AA6AC81974574400556D54 /* XCTest.framework */; };
		23AA6ACA1974574400556D54 /* Foundation.framework in Frameworks */ = {isa = PBXBuildFile; fileRef = 23AA6AAF1974574400556D54 /* Foundation.framework */; };
		23AA6ACB1974574400556D54 /* UIKit.framework in Frameworks */ = {isa = PBXBuildFile; fileRef = 23AA6AB31974574400556D54 /* UIKit.framework */; };
		23AA6AD31974574400556D54 /* InfoPlist.strings in Resources */ = {isa = PBXBuildFile; fileRef = 23AA6AD11974574400556D54 /* InfoPlist.strings */; };
		23AA6AD51974574400556D54 /* HypnosisterTests.m in Sources */ = {isa = PBXBuildFile; fileRef = 23AA6AD41974574400556D54 /* HypnosisterTests.m */; };
/* End PBXBuildFile section */

/* Begin PBXContainerItemProxy section */
		23AA6ACC1974574400556D54 /* PBXContainerItemProxy */ = {
			isa = PBXContainerItemProxy;
			containerPortal = 23AA6AA41974574400556D54 /* Project object */;
			proxyType = 1;
			remoteGlobalIDString = 23AA6AAB1974574400556D54;
			remoteInfo = Hypnosister;
		};
/* End PBXContainerItemProxy section */

/* Begin PBXFileReference section */
		23AA6AAC1974574400556D54 /* Hypnosister.app */ = {isa = PBXFileReference; explicitFileType = wrapper.application; includeInIndex = 0; path = Hypnosister.app; sourceTree = BUILT_PRODUCTS_DIR; };
		23AA6AAF1974574400556D54 /* Foundation.framework */ = {isa = PBXFileReference; lastKnownFileType = wrapper.framework; name = Foundation.framework; path = System/Library/Frameworks/Foundation.framework; sourceTree = SDKROOT; };
		23AA6AB11974574400556D54 /* CoreGraphics.framework */ = {isa = PBXFileReference; lastKnownFileType = wrapper.framework; name = CoreGraphics.framework; path = System/Library/Frameworks/CoreGraphics.framework; sourceTree = SDKROOT; };
		23AA6AB31974574400556D54 /* UIKit.framework */ = {isa = PBXFileReference; lastKnownFileType = wrapper.framework; name = UIKit.framework; path = System/Library/Frameworks/UIKit.framework; sourceTree = SDKROOT; };
		23AA6AB71974574400556D54 /* Hypnosister-Info.plist */ = {isa = PBXFileReference; lastKnownFileType = text.plist.xml; path = "Hypnosister-Info.plist"; sourceTree = "<group>"; };
		23AA6AB91974574400556D54 /* en */ = {isa = PBXFileReference; lastKnownFileType = text.plist.strings; name = en; path = en.lproj/InfoPlist.strings; sourceTree = "<group>"; };
		23AA6ABB1974574400556D54 /* main.m */ = {isa = PBXFileReference; lastKnownFileType = sourcecode.c.objc; path = main.m; sourceTree = "<group>"; };
		23AA6ABD1974574400556D54 /* Hypnosister-Prefix.pch */ = {isa = PBXFileReference; lastKnownFileType = sourcecode.c.h; path = "Hypnosister-Prefix.pch"; sourceTree = "<group>"; };
		23AA6ABE1974574400556D54 /* AppDelegate.h */ = {isa = PBXFileReference; lastKnownFileType = sourcecode.c.h; path = AppDelegate.h; sourceTree = "<group>"; };
		23AA6ABF1974574400556D54 /* AppDelegate.m */ = {isa = PBXFileReference; lastKnownFileType = sourcecode.c.objc; path = AppDelegate.m; sourceTree = "<group>"; };
		23AA6AC11974574400556D54 /* Images.xcassets */ = {isa = PBXFileReference; lastKnownFileType = folder.assetcatalog; path = Images.xcassets; sourceTree = "<group>"; };
		23AA6AC71974574400556D54 /* HypnosisterTests.xctest */ = {isa = PBXFileReference; explicitFileType = wrapper.cfbundle; includeInIndex = 0; path = HypnosisterTests.xctest; sourceTree = BUILT_PRODUCTS_DIR; };
		23AA6AC81974574400556D54 /* XCTest.framework */ = {isa = PBXFileReference; lastKnownFileType = wrapper.framework; name = XCTest.framework; path = Library/Frameworks/XCTest.framework; sourceTree = DEVELOPER_DIR; };
		23AA6AD01974574400556D54 /* HypnosisterTests-Info.plist */ = {isa = PBXFileReference; lastKnownFileType = text.plist.xml; path = "HypnosisterTests-Info.plist"; sourceTree = "<group>"; };
		23AA6AD21974574400556D54 /* en */ = {isa = PBXFileReference; lastKnownFileType = text.plist.strings; name = en; path = en.lproj/InfoPlist.strings; sourceTree = "<group>"; };
		23AA6AD41974574400556D54 /* HypnosisterTests.m */ = {isa = PBXFileReference; lastKnownFileType = sourcecode.c.objc; path = HypnosisterTests.m; sourceTree = "<group>"; };
/* End PBXFileReference section */

/* Begin PBXFrameworksBuildPhase section */
		23AA6AA91974574400556D54 /* Frameworks */ = {
			isa = PBXFrameworksBuildPhase;
			buildActionMask = 2147483647;
			files = (
				23AA6AB21974574400556D54 /* CoreGraphics.framework in Frameworks */,
				23AA6AB41974574400556D54 /* UIKit.framework in Frameworks */,
				23AA6AB01974574400556D54 /* Foundation.framework in Frameworks */,
			);
			runOnlyForDeploymentPostprocessing = 0;
		};
		23AA6AC41974574400556D54 /* Frameworks */ = {
			isa = PBXFrameworksBuildPhase;
			buildActionMask = 2147483647;
			files = (
				23AA6AC91974574400556D54 /* XCTest.framework in Frameworks */,
				23AA6ACB1974574400556D54 /* UIKit.framework in Frameworks */,
				23AA6ACA1974574400556D54 /* Foundation.framework in Frameworks */,
			);
			runOnlyForDeploymentPostprocessing = 0;
		};
/* End PBXFrameworksBuildPhase section */

/* Begin PBXGroup section */
		23AA6AA31974574400556D54 = {
			isa = PBXGroup;
			children = (
				23AA6AB51974574400556D54 /* Hypnosister */,
				23AA6ACE1974574400556D54 /* HypnosisterTests */,
				23AA6AAE1974574400556D54 /* Frameworks */,
				23AA6AAD1974574400556D54 /* Products */,
			);
			sourceTree = "<group>";
		};
		23AA6AAD1974574400556D54 /* Products */ = {
			isa = PBXGroup;
			children = (
				23AA6AAC1974574400556D54 /* Hypnosister.app */,
				23AA6AC71974574400556D54 /* HypnosisterTests.xctest */,
			);
			name = Products;
			sourceTree = "<group>";
		};
		23AA6AAE1974574400556D54 /* Frameworks */ = {
			isa = PBXGroup;
			children = (
				23AA6AAF1974574400556D54 /* Foundation.framework */,
				23AA6AB11974574400556D54 /* CoreGraphics.framework */,
				23AA6AB31974574400556D54 /* UIKit.framework */,
				23AA6AC81974574400556D54 /* XCTest.framework */,
			);
			name = Frameworks;
			sourceTree = "<group>";
		};
		23AA6AB51974574400556D54 /* Hypnosister */ = {
			isa = PBXGroup;
			children = (
				23AA6ABE1974574400556D54 /* AppDelegate.h */,
				23AA6ABF1974574400556D54 /* AppDelegate.m */,
				23AA6AC11974574400556D54 /* Images.xcassets */,
				23AA6AB61974574400556D54 /* Supporting Files */,
			);
			path = Hypnosister;
			sourceTree = "<group>";
		};
		23AA6AB61974574400556D54 /* Supporting Files */ = {
			isa = PBXGroup;
			children = (
				23AA6AB71974574400556D54 /* Hypnosister-Info.plist */,
				23AA6AB81974574400556D54 /* InfoPlist.strings */,
				23AA6ABB1974574400556D54 /* main.m */,
				23AA6ABD1974574400556D54 /* Hypnosister-Prefix.pch */,
			);
			name = "Supporting Files";
			sourceTree = "<group>";
		};
		23AA6ACE1974574400556D54 /* HypnosisterTests */ = {
			isa = PBXGroup;
			children = (
				23AA6AD41974574400556D54 /* HypnosisterTests.m */,
				23AA6ACF1974574400556D54 /* Supporting Files */,
			);
			path = HypnosisterTests;
			sourceTree = "<group>";
		};
		23AA6ACF1974574400556D54 /* Supporting Files */ = {
			isa = PBXGroup;
			children = (
				23AA6AD01974574400556D54 /* HypnosisterTests-Info.plist */,
				23AA6AD11974574400556D54 /* InfoPlist.strings */,
			);
			name = "Supporting Files";
			sourceTree = "<group>";
		};
/* End PBXGroup section */

/* Begin PBXNativeTarget section */
		23AA6AAB1974574400556D54 /* Hypnosister */ = {
			isa = PBXNativeTarget;
			buildConfigurationList = 23AA6AD81974574400556D54 /* Build configuration list for PBXNativeTarget "Hypnosister" */;
			buildPhases = (
				23AA6AA81974574400556D54 /* Sources */,
				23AA6AA91974574400556D54 /* Frameworks */,
				23AA6AAA1974574400556D54 /* Resources */,
			);
			buildRules = (
			);
			dependencies = (
			);
			name = Hypnosister;
			productName = Hypnosister;
			productReference = 23AA6AAC1974574400556D54 /* Hypnosister.app */;
			productType = "com.apple.product-type.application";
		};
		23AA6AC61974574400556D54 /* HypnosisterTests */ = {
			isa = PBXNativeTarget;
			buildConfigurationList = 23AA6ADB1974574400556D54 /* Build configuration list for PBXNativeTarget "HypnosisterTests" */;
			buildPhases = (
				23AA6AC31974574400556D54 /* Sources */,
				23AA6AC41974574400556D54 /* Frameworks */,
				23AA6AC51974574400556D54 /* Resources */,
			);
			buildRules = (
			);
			dependencies = (
				23AA6ACD1974574400556D54 /* PBXTargetDependency */,
			);
			name = HypnosisterTests;
			productName = HypnosisterTests;
			productReference = 23AA6AC71974574400556D54 /* HypnosisterTests.xctest */;
			productType = "com.apple.product-type.bundle.unit-test";
		};
/* End PBXNativeTarget section */

/* Begin PBXProject section */
		23AA6AA41974574400556D54 /* Project object */ = {
			isa = PBXProject;
			attributes = {
				LastUpgradeCheck = 0510;
				ORGANIZATIONNAME = LinkedIn;
				TargetAttributes = {
					23AA6AC61974574400556D54 = {
						TestTargetID = 23AA6AAB1974574400556D54;
					};
				};
			};
			buildConfigurationList = 23AA6AA71974574400556D54 /* Build configuration list for PBXProject "Hypnosister" */;
			compatibilityVersion = "Xcode 3.2";
			developmentRegion = English;
			hasScannedForEncodings = 0;
			knownRegions = (
				en,
			);
			mainGroup = 23AA6AA31974574400556D54;
			productRefGroup = 23AA6AAD1974574400556D54 /* Products */;
			projectDirPath = "";
			projectRoot = "";
			targets = (
				23AA6AAB1974574400556D54 /* Hypnosister */,
				23AA6AC61974574400556D54 /* HypnosisterTests */,
			);
		};
/* End PBXProject section */

/* Begin PBXResourcesBuildPhase section */
		23AA6AAA1974574400556D54 /* Resources */ = {
			isa = PBXResourcesBuildPhase;
			buildActionMask = 2147483647;
			files = (
				23AA6ABA1974574400556D54 /* InfoPlist.strings in Resources */,
				23AA6AC21974574400556D54 /* Images.xcassets in Resources */,
			);
			runOnlyForDeploymentPostprocessing = 0;
		};
		23AA6AC51974574400556D54 /* Resources */ = {
			isa = PBXResourcesBuildPhase;
			buildActionMask = 2147483647;
			files = (
				23AA6AD31974574400556D54 /* InfoPlist.strings in Resources */,
			);
			runOnlyForDeploymentPostprocessing = 0;
		};
/* End PBXResourcesBuildPhase section */

/* Begin PBXSourcesBuildPhase section */
		23AA6AA81974574400556D54 /* Sources */ = {
			isa = PBXSourcesBuildPhase;
			buildActionMask = 2147483647;
			files = (
				23AA6AC01974574400556D54 /* AppDelegate.m in Sources */,
				23AA6ABC1974574400556D54 /* main.m in Sources */,
			);
			runOnlyForDeploymentPostprocessing = 0;
		};
		23AA6AC31974574400556D54 /* Sources */ = {
			isa = PBXSourcesBuildPhase;
			buildActionMask = 2147483647;
			files = (
				23AA6AD51974574400556D54 /* HypnosisterTests.m in Sources */,
			);
			runOnlyForDeploymentPostprocessing = 0;
		};
/* End PBXSourcesBuildPhase section */

/* Begin PBXTargetDependency section */
		23AA6ACD1974574400556D54 /* PBXTargetDependency */ = {
			isa = PBXTargetDependency;
			target = 23AA6AAB1974574400556D54 /* Hypnosister */;
			targetProxy = 23AA6ACC1974574400556D54 /* PBXContainerItemProxy */;
		};
/* End PBXTargetDependency section */

/* Begin PBXVariantGroup section */
		23AA6AB81974574400556D54 /* InfoPlist.strings */ = {
			isa = PBXVariantGroup;
			children = (
				23AA6AB91974574400556D54 /* en */,
			);
			name = InfoPlist.strings;
			sourceTree = "<group>";
		};
		23AA6AD11974574400556D54 /* InfoPlist.strings */ = {
			isa = PBXVariantGroup;
			children = (
				23AA6AD21974574400556D54 /* en */,
			);
			name = InfoPlist.strings;
			sourceTree = "<group>";
		};
/* End PBXVariantGroup section */

/* Begin XCBuildConfiguration section */
		23AA6AD61974574400556D54 /* Debug */ = {
			isa = XCBuildConfiguration;
			buildSettings = {
				ALWAYS_SEARCH_USER_PATHS = NO;
				CLANG_CXX_LANGUAGE_STANDARD = "gnu++0x";
				CLANG_CXX_LIBRARY = "libc++";
				CLANG_ENABLE_MODULES = YES;
				CLANG_ENABLE_OBJC_ARC = YES;
				CLANG_WARN_BOOL_CONVERSION = YES;
				CLANG_WARN_CONSTANT_CONVERSION = YES;
				CLANG_WARN_DIRECT_OBJC_ISA_USAGE = YES_ERROR;
				CLANG_WARN_EMPTY_BODY = YES;
				CLANG_WARN_ENUM_CONVERSION = YES;
				CLANG_WARN_INT_CONVERSION = YES;
				CLANG_WARN_OBJC_ROOT_CLASS = YES_ERROR;
				CLANG_WARN__DUPLICATE_METHOD_MATCH = YES;
				"CODE_SIGN_IDENTITY[sdk=iphoneos*]" = "iPhone Developer";
				COPY_PHASE_STRIP = NO;
				GCC_C_LANGUAGE_STANDARD = gnu99;
				GCC_DYNAMIC_NO_PIC = NO;
				GCC_OPTIMIZATION_LEVEL = 0;
				GCC_PREPROCESSOR_DEFINITIONS = (
					"DEBUG=1",
					"$(inherited)",
				);
				GCC_SYMBOLS_PRIVATE_EXTERN = NO;
				GCC_WARN_64_TO_32_BIT_CONVERSION = YES;
				GCC_WARN_ABOUT_RETURN_TYPE = YES_ERROR;
				GCC_WARN_UNDECLARED_SELECTOR = YES;
				GCC_WARN_UNINITIALIZED_AUTOS = YES_AGGRESSIVE;
				GCC_WARN_UNUSED_FUNCTION = YES;
				GCC_WARN_UNUSED_VARIABLE = YES;
				IPHONEOS_DEPLOYMENT_TARGET = 7.1;
				ONLY_ACTIVE_ARCH = YES;
				SDKROOT = iphoneos;
				TARGETED_DEVICE_FAMILY = "1,2";
			};
			name = Debug;
		};
		23AA6AD71974574400556D54 /* Release */ = {
			isa = XCBuildConfiguration;
			buildSettings = {
				ALWAYS_SEARCH_USER_PATHS = NO;
				CLANG_CXX_LANGUAGE_STANDARD = "gnu++0x";
				CLANG_CXX_LIBRARY = "libc++";
				CLANG_ENABLE_MODULES = YES;
				CLANG_ENABLE_OBJC_ARC = YES;
				CLANG_WARN_BOOL_CONVERSION = YES;
				CLANG_WARN_CONSTANT_CONVERSION = YES;
				CLANG_WARN_DIRECT_OBJC_ISA_USAGE = YES_ERROR;
				CLANG_WARN_EMPTY_BODY = YES;
				CLANG_WARN_ENUM_CONVERSION = YES;
				CLANG_WARN_INT_CONVERSION = YES;
				CLANG_WARN_OBJC_ROOT_CLASS = YES_ERROR;
				CLANG_WARN__DUPLICATE_METHOD_MATCH = YES;
				"CODE_SIGN_IDENTITY[sdk=iphoneos*]" = "iPhone Developer";
				COPY_PHASE_STRIP = YES;
				ENABLE_NS_ASSERTIONS = NO;
				GCC_C_LANGUAGE_STANDARD = gnu99;
				GCC_WARN_64_TO_32_BIT_CONVERSION = YES;
				GCC_WARN_ABOUT_RETURN_TYPE = YES_ERROR;
				GCC_WARN_UNDECLARED_SELECTOR = YES;
				GCC_WARN_UNINITIALIZED_AUTOS = YES_AGGRESSIVE;
				GCC_WARN_UNUSED_FUNCTION = YES;
				GCC_WARN_UNUSED_VARIABLE = YES;
				IPHONEOS_DEPLOYMENT_TARGET = 7.1;
				SDKROOT = iphoneos;
				TARGETED_DEVICE_FAMILY = "1,2";
				VALIDATE_PRODUCT = YES;
			};
			name = Release;
		};
		23AA6AD91974574400556D54 /* Debug */ = {
			isa = XCBuildConfiguration;
			buildSettings = {
				ASSETCATALOG_COMPILER_APPICON_NAME = AppIcon;
				ASSETCATALOG_COMPILER_LAUNCHIMAGE_NAME = LaunchImage;
				GCC_PRECOMPILE_PREFIX_HEADER = YES;
				GCC_PREFIX_HEADER = "Hypnosister/Hypnosister-Prefix.pch";
				INFOPLIST_FILE = "Hypnosister/Hypnosister-Info.plist";
				PRODUCT_NAME = "$(TARGET_NAME)";
				WRAPPER_EXTENSION = app;
			};
			name = Debug;
		};
		23AA6ADA1974574400556D54 /* Release */ = {
			isa = XCBuildConfiguration;
			buildSettings = {
				ASSETCATALOG_COMPILER_APPICON_NAME = AppIcon;
				ASSETCATALOG_COMPILER_LAUNCHIMAGE_NAME = LaunchImage;
				GCC_PRECOMPILE_PREFIX_HEADER = YES;
				GCC_PREFIX_HEADER = "Hypnosister/Hypnosister-Prefix.pch";
				INFOPLIST_FILE = "Hypnosister/Hypnosister-Info.plist";
				PRODUCT_NAME = "$(TARGET_NAME)";
				WRAPPER_EXTENSION = app;
			};
			name = Release;
		};
		23AA6ADC1974574400556D54 /* Debug */ = {
			isa = XCBuildConfiguration;
			buildSettings = {
				BUNDLE_LOADER = "$(BUILT_PRODUCTS_DIR)/Hypnosister.app/Hypnosister";
				FRAMEWORK_SEARCH_PATHS = (
					"$(SDKROOT)/Developer/Library/Frameworks",
					"$(inherited)",
					"$(DEVELOPER_FRAMEWORKS_DIR)",
				);
				GCC_PRECOMPILE_PREFIX_HEADER = YES;
				GCC_PREFIX_HEADER = "Hypnosister/Hypnosister-Prefix.pch";
				GCC_PREPROCESSOR_DEFINITIONS = (
					"DEBUG=1",
					"$(inherited)",
				);
				INFOPLIST_FILE = "HypnosisterTests/HypnosisterTests-Info.plist";
				PRODUCT_NAME = "$(TARGET_NAME)";
				TEST_HOST = "$(BUNDLE_LOADER)";
				WRAPPER_EXTENSION = xctest;
			};
			name = Debug;
		};
		23AA6ADD1974574400556D54 /* Release */ = {
			isa = XCBuildConfiguration;
			buildSettings = {
				BUNDLE_LOADER = "$(BUILT_PRODUCTS_DIR)/Hypnosister.app/Hypnosister";
				FRAMEWORK_SEARCH_PATHS = (
					"$(SDKROOT)/Developer/Library/Frameworks",
					"$(inherited)",
					"$(DEVELOPER_FRAMEWORKS_DIR)",
				);
				GCC_PRECOMPILE_PREFIX_HEADER = YES;
				GCC_PREFIX_HEADER = "Hypnosister/Hypnosister-Prefix.pch";
				INFOPLIST_FILE = "HypnosisterTests/HypnosisterTests-Info.plist";
				PRODUCT_NAME = "$(TARGET_NAME)";
				TEST_HOST = "$(BUNDLE_LOADER)";
				WRAPPER_EXTENSION = xctest;
			};
			name = Release;
		};
/* End XCBuildConfiguration section */

/* Begin XCConfigurationList section */
		23AA6AA71974574400556D54 /* Build configuration list for PBXProject "Hypnosister" */ = {
			isa = XCConfigurationList;
			buildConfigurations = (
				23AA6AD61974574400556D54 /* Debug */,
				23AA6AD71974574400556D54 /* Release */,
			);
			defaultConfigurationIsVisible = 0;
			defaultConfigurationName = Release;
		};
		23AA6AD81974574400556D54 /* Build configuration list for PBXNativeTarget "Hypnosister" */ = {
			isa = XCConfigurationList;
			buildConfigurations = (
				23AA6AD91974574400556D54 /* Debug */,
				23AA6ADA1974574400556D54 /* Release */,
			);
			defaultConfigurationIsVisible = 0;
		};
		23AA6ADB1974574400556D54 /* Build configuration list for PBXNativeTarget "HypnosisterTests" */ = {
			isa = XCConfigurationList;
			buildConfigurations = (
				23AA6ADC1974574400556D54 /* Debug */,
				23AA6ADD1974574400556D54 /* Release */,
			);
			defaultConfigurationIsVisible = 0;
		};
/* End XCConfigurationList section */
	};
	rootObject = 23AA6AA41974574400556D54 /* Project object */;
}
